
Microsoft Visual Studio Solution File, Format Version 12.00
# Visual Studio Version 16
VisualStudioVersion = 16.0.29613.14
MinimumVisualStudioVersion = 10.0.40219.1
Project("{FAE04EC0-301F-11D3-BF4B-00C04F79EFBC}") = "TaskManager", "TodoApp\TaskManager.csproj", "{3BDB6A66-3E9A-496C-AAE3-5AD631DADE0C}"
EndProject
Global
	GlobalSection(SolutionConfigurationPlatforms) = preSolution
		Debug|Any CPU = Debug|Any CPU
		Release|Any CPU = Release|Any CPU
	EndGlobalSection
	GlobalSection(ProjectConfigurationPlatforms) = postSolution
		{3BDB6A66-3E9A-496C-AAE3-5AD631DADE0C}.Debug|Any CPU.ActiveCfg = Debug|Any CPU
		{3BDB6A66-3E9A-496C-AAE3-5AD631DADE0C}.Debug|Any CPU.Build.0 = Debug|Any CPU
		{3BDB6A66-3E9A-496C-AAE3-5AD631DADE0C}.Release|Any CPU.ActiveCfg = Release|Any CPU
		{3BDB6A66-3E9A-496C-AAE3-5AD631DADE0C}.Release|Any CPU.Build.0 = Release|Any CPU
	EndGlobalSection
	GlobalSection(SolutionProperties) = preSolution
		HideSolutionNode = FALSE
	EndGlobalSection
	GlobalSection(ExtensibilityGlobals) = postSolution
		SolutionGuid = {0311A382-0896-46D3-8A4A-5D0A39C6EA7A}
	EndGlobalSection
EndGlobal
